
Microsoft Visual Studio Solution File, Format Version 12.00
# Visual Studio Version 17
VisualStudioVersion = 17.4.33213.308
MinimumVisualStudioVersion = 10.0.40219.1
Project("{9A19103F-16F7-4668-BE54-9A1E7A4F7556}") = "HM18.08.2023", "HM18.08.2023\HM18.08.2023.csproj", "{7AEA9666-0882-4FF5-990B-79858261DABE}"
EndProject
Project("{FAE04EC0-301F-11D3-BF4B-00C04F79EFBC}") = "HM16.08.2023", "HM16.08.2023\HM16.08.2023.csproj", "{BB3CEAB4-B2D7-4F2A-A520-70269E31676D}"
EndProject
Global
	GlobalSection(SolutionConfigurationPlatforms) = preSolution
		Debug|Any CPU = Debug|Any CPU
		Release|Any CPU = Release|Any CPU
	EndGlobalSection
	GlobalSection(ProjectConfigurationPlatforms) = postSolution
		{7AEA9666-0882-4FF5-990B-79858261DABE}.Debug|Any CPU.ActiveCfg = Debug|Any CPU
		{7AEA9666-0882-4FF5-990B-79858261DABE}.Debug|Any CPU.Build.0 = Debug|Any CPU
		{7AEA9666-0882-4FF5-990B-79858261DABE}.Release|Any CPU.ActiveCfg = Release|Any CPU
		{7AEA9666-0882-4FF5-990B-79858261DABE}.Release|Any CPU.Build.0 = Release|Any CPU
		{BB3CEAB4-B2D7-4F2A-A520-70269E31676D}.Debug|Any CPU.ActiveCfg = Debug|Any CPU
		{BB3CEAB4-B2D7-4F2A-A520-70269E31676D}.Debug|Any CPU.Build.0 = Debug|Any CPU
		{BB3CEAB4-B2D7-4F2A-A520-70269E31676D}.Release|Any CPU.ActiveCfg = Release|Any CPU
		{BB3CEAB4-B2D7-4F2A-A520-70269E31676D}.Release|Any CPU.Build.0 = Release|Any CPU
	EndGlobalSection
	GlobalSection(SolutionProperties) = preSolution
		HideSolutionNode = FALSE
	EndGlobalSection
	GlobalSection(ExtensibilityGlobals) = postSolution
		SolutionGuid = {0E647644-2BB2-4456-8B03-512965492630}
	EndGlobalSection
EndGlobal
